
Microsoft Visual Studio Solution File, Format Version 12.00
# Visual Studio Version 17
VisualStudioVersion = 17.3.32819.101
MinimumVisualStudioVersion = 10.0.40219.1
Project("{9A19103F-16F7-4668-BE54-9A1E7A4F7556}") = "Altairis.Services.StaticContent.DemoApp", "Altairis.Services.StaticContent.DemoApp\Altairis.Services.StaticContent.DemoApp.csproj", "{F1146EF2-B751-41F7-90BF-40B338EE0296}"
EndProject
Project("{9A19103F-16F7-4668-BE54-9A1E7A4F7556}") = "Altairis.Services.StaticContent", "Altairis.Services.StaticContent\Altairis.Services.StaticContent.csproj", "{F561DFE0-C7A2-48AD-866B-946726110AF9}"
EndProject
Project("{2150E333-8FDC-42A3-9474-1A3956D46DE8}") = "Solution Items", "Solution Items", "{68D30ED2-CADE-473B-B0B2-0292E85BB7D9}"
	ProjectSection(SolutionItems) = preProject
		.gitignore = .gitignore
		LICENSE = LICENSE
		README.md = README.md
	EndProjectSection
EndProject
Project("{FAE04EC0-301F-11D3-BF4B-00C04F79EFBC}") = "Altairis.Services.StaticContent.FreeSql.Tests", "Altairis.Services.StaticContent.FreeSql.Tests\Altairis.Services.StaticContent.FreeSql.Tests.csproj", "{030D03A8-4F8F-48B8-BD71-46B99E0E81F9}"
EndProject
Project("{FAE04EC0-301F-11D3-BF4B-00C04F79EFBC}") = "Altairis.Services.StaticContent.FreeSql", "Altairis.Services.StaticContent.FreeSql\Altairis.Services.StaticContent.FreeSql.csproj", "{04A2A675-47B9-4D9C-B143-B0EDC6684CBF}"
EndProject
Global
	GlobalSection(SolutionConfigurationPlatforms) = preSolution
		Debug|Any CPU = Debug|Any CPU
		Release|Any CPU = Release|Any CPU
	EndGlobalSection
	GlobalSection(ProjectConfigurationPlatforms) = postSolution
		{F1146EF2-B751-41F7-90BF-40B338EE0296}.Debug|Any CPU.ActiveCfg = Debug|Any CPU
		{F1146EF2-B751-41F7-90BF-40B338EE0296}.Debug|Any CPU.Build.0 = Debug|Any CPU
		{F1146EF2-B751-41F7-90BF-40B338EE0296}.Release|Any CPU.ActiveCfg = Release|Any CPU
		{F1146EF2-B751-41F7-90BF-40B338EE0296}.Release|Any CPU.Build.0 = Release|Any CPU
		{F561DFE0-C7A2-48AD-866B-946726110AF9}.Debug|Any CPU.ActiveCfg = Debug|Any CPU
		{F561DFE0-C7A2-48AD-866B-946726110AF9}.Debug|Any CPU.Build.0 = Debug|Any CPU
		{F561DFE0-C7A2-48AD-866B-946726110AF9}.Release|Any CPU.ActiveCfg = Release|Any CPU
		{F561DFE0-C7A2-48AD-866B-946726110AF9}.Release|Any CPU.Build.0 = Release|Any CPU
		{030D03A8-4F8F-48B8-BD71-46B99E0E81F9}.Debug|Any CPU.ActiveCfg = Debug|Any CPU
		{030D03A8-4F8F-48B8-BD71-46B99E0E81F9}.Debug|Any CPU.Build.0 = Debug|Any CPU
		{030D03A8-4F8F-48B8-BD71-46B99E0E81F9}.Release|Any CPU.ActiveCfg = Release|Any CPU
		{030D03A8-4F8F-48B8-BD71-46B99E0E81F9}.Release|Any CPU.Build.0 = Release|Any CPU
		{04A2A675-47B9-4D9C-B143-B0EDC6684CBF}.Debug|Any CPU.ActiveCfg = Debug|Any CPU
		{04A2A675-47B9-4D9C-B143-B0EDC6684CBF}.Debug|Any CPU.Build.0 = Debug|Any CPU
		{04A2A675-47B9-4D9C-B143-B0EDC6684CBF}.Release|Any CPU.ActiveCfg = Release|Any CPU
		{04A2A675-47B9-4D9C-B143-B0EDC6684CBF}.Release|Any CPU.Build.0 = Release|Any CPU
	EndGlobalSection
	GlobalSection(SolutionProperties) = preSolution
		HideSolutionNode = FALSE
	EndGlobalSection
	GlobalSection(ExtensibilityGlobals) = postSolution
		SolutionGuid = {4675E9A6-ADD4-46C5-9D56-AB01365ABD8D}
	EndGlobalSection
EndGlobal
